# THIS IS AN AUTOGENERATED FILE. DO NOT EDIT THIS FILE DIRECTLY.
# yarn lockfile v1


"@types/node@^16.11.1":
  version "16.11.1"
  resolved "https://artifactory.twitter.biz:443/api/npm/js-virtual/@types/node/-/node-16.11.1.tgz#2e50a649a50fc403433a14f829eface1a3443e97"
  integrity sha1-LlCmSaUPxANDOhT4Ke+s4aNEPpc=

typescript@^4.4.4:
  version "4.4.4"
  resolved "https://artifactory.twitter.biz:443/api/npm/js-virtual/typescript/-/typescript-4.4.4.tgz#2cd01a1a1f160704d3101fd5a58ff0f9fcb8030c"
  integrity sha1-LNAaGh8WBwTTEB/VpY/w+fy4Aww=
